
Microsoft Visual Studio Solution File, Format Version 12.00
# Visual Studio 15
VisualStudioVersion = 15.0.28307.1684
MinimumVisualStudioVersion = 10.0.40219.1
Project("{FAE04EC0-301F-11D3-BF4B-00C04F79EFBC}") = "GitHubDemo2", "GitHubDemo2\GitHubDemo2.csproj", "{7E98DEBA-05DB-4BEC-A252-039D610F50B2}"
EndProject
Global
	GlobalSection(SolutionConfigurationPlatforms) = preSolution
		Debug|Any CPU = Debug|Any CPU
		Release|Any CPU = Release|Any CPU
	EndGlobalSection
	GlobalSection(ProjectConfigurationPlatforms) = postSolution
		{7E98DEBA-05DB-4BEC-A252-039D610F50B2}.Debug|Any CPU.ActiveCfg = Debug|Any CPU
		{7E98DEBA-05DB-4BEC-A252-039D610F50B2}.Debug|Any CPU.Build.0 = Debug|Any CPU
		{7E98DEBA-05DB-4BEC-A252-039D610F50B2}.Release|Any CPU.ActiveCfg = Release|Any CPU
		{7E98DEBA-05DB-4BEC-A252-039D610F50B2}.Release|Any CPU.Build.0 = Release|Any CPU
	EndGlobalSection
	GlobalSection(SolutionProperties) = preSolution
		HideSolutionNode = FALSE
	EndGlobalSection
	GlobalSection(ExtensibilityGlobals) = postSolution
		SolutionGuid = {79257C8C-3186-49DE-AA90-6120013F9D3E}
	EndGlobalSection
EndGlobal
